// !$*UTF8*$!
{
	archiveVersion = 1;
	classes = {
	};
	objectVersion = 55;
	objects = {

/* Begin PBXBuildFile section */
		FCFAA86D285E72EC002C640C /* imgui_tables.cpp in Sources */ = {isa = PBXBuildFile; fileRef = FCFAA867285E72EC002C640C /* imgui_tables.cpp */; };
		FCFAA86E285E72EC002C640C /* imgui_widgets.cpp in Sources */ = {isa = PBXBuildFile; fileRef = FCFAA868285E72EC002C640C /* imgui_widgets.cpp */; };
		FCFAA86F285E72EC002C640C /* imgui.cpp in Sources */ = {isa = PBXBuildFile; fileRef = FCFAA869285E72EC002C640C /* imgui.cpp */; };
		FCFAA870285E72EC002C640C /* imgui_draw.cpp in Sources */ = {isa = PBXBuildFile; fileRef = FCFAA86A285E72EC002C640C /* imgui_draw.cpp */; };
		FCFAA871285E72EC002C640C /* imgui_demo.cpp in Sources */ = {isa = PBXBuildFile; fileRef = FCFAA86B285E72EC002C640C /* imgui_demo.cpp */; };
		FCFAA876285E7456002C640C /* main.mm in Sources */ = {isa = PBXBuildFile; fileRef = FCFAA875285E7456002C640C /* main.mm */; };
		FCFAA887285E7C44002C640C /* OpenGL.framework in Frameworks */ = {isa = PBXBuildFile; fileRef = FCFAA886285E7C44002C640C /* OpenGL.framework */; };
		FCFAA889285E7C48002C640C /* OpenAL.framework in Frameworks */ = {isa = PBXBuildFile; fileRef = FCFAA888285E7C48002C640C /* OpenAL.framework */; };
		FCFAA88C285E7CEA002C640C /* libGLEW.2.2.0.dylib in Frameworks */ = {isa = PBXBuildFile; fileRef = FCFAA87B285E7C39002C640C /* libGLEW.2.2.0.dylib */; };
		FCFAA88D285E7CEA002C640C /* libGLEW.2.2.dylib in Frameworks */ = {isa = PBXBuildFile; fileRef = FCFAA87A285E7C39002C640C /* libGLEW.2.2.dylib */; };
		FCFAA88E285E7CEA002C640C /* libGLEW.dylib in Frameworks */ = {isa = PBXBuildFile; fileRef = FCFAA879285E7C39002C640C /* libGLEW.dylib */; };
		FCFAA88F285E7CEA002C640C /* libglfw.3.3.dylib in Frameworks */ = {isa = PBXBuildFile; fileRef = FCFAA882285E7C3F002C640C /* libglfw.3.3.dylib */; };
		FCFAA890285E7CEA002C640C /* libglfw.3.dylib in Frameworks */ = {isa = PBXBuildFile; fileRef = FCFAA880285E7C3F002C640C /* libglfw.3.dylib */; };
		FCFAA891285E7CEA002C640C /* libglfw.dylib in Frameworks */ = {isa = PBXBuildFile; fileRef = FCFAA881285E7C3F002C640C /* libglfw.dylib */; };
/* End PBXBuildFile section */

/* Begin PBXCopyFilesBuildPhase section */
		FCFAA85A285E724B002C640C /* CopyFiles */ = {
			isa = PBXCopyFilesBuildPhase;
			buildActionMask = 2147483647;
			dstPath = /usr/share/man/man1/;
			dstSubfolderSpec = 0;
			files = (
			);
			runOnlyForDeploymentPostprocessing = 1;
		};
/* End PBXCopyFilesBuildPhase section */

/* Begin PBXFileReference section */
		FCFAA85C285E724B002C640C /* mac-build */ = {isa = PBXFileReference; explicitFileType = "compiled.mach-o.executable"; includeInIndex = 0; path = "mac-build"; sourceTree = BUILT_PRODUCTS_DIR; };
		FCFAA867285E72EC002C640C /* imgui_tables.cpp */ = {isa = PBXFileReference; lastKnownFileType = sourcecode.cpp.cpp; path = imgui_tables.cpp; sourceTree = "<group>"; };
		FCFAA868285E72EC002C640C /* imgui_widgets.cpp */ = {isa = PBXFileReference; lastKnownFileType = sourcecode.cpp.cpp; path = imgui_widgets.cpp; sourceTree = "<group>"; };
		FCFAA869285E72EC002C640C /* imgui.cpp */ = {isa = PBXFileReference; lastKnownFileType = sourcecode.cpp.cpp; path = imgui.cpp; sourceTree = "<group>"; };
		FCFAA86A285E72EC002C640C /* imgui_draw.cpp */ = {isa = PBXFileReference; lastKnownFileType = sourcecode.cpp.cpp; path = imgui_draw.cpp; sourceTree = "<group>"; };
		FCFAA86B285E72EC002C640C /* imgui_demo.cpp */ = {isa = PBXFileReference; lastKnownFileType = sourcecode.cpp.cpp; path = imgui_demo.cpp; sourceTree = "<group>"; };
		FCFAA86C285E72EC002C640C /* imgui_impl_osx.mm */ = {isa = PBXFileReference; lastKnownFileType = sourcecode.cpp.objcpp; path = imgui_impl_osx.mm; sourceTree = "<group>"; };
		FCFAA875285E7456002C640C /* main.mm */ = {isa = PBXFileReference; lastKnownFileType = sourcecode.cpp.objcpp; path = main.mm; sourceTree = "<group>"; };
		FCFAA878285E7C39002C640C /* libGLEW.a */ = {isa = PBXFileReference; lastKnownFileType = archive.ar; name = libGLEW.a; path = ../../../vendor/OSX/glew/libGLEW.a; sourceTree = "<group>"; };
		FCFAA879285E7C39002C640C /* libGLEW.dylib */ = {isa = PBXFileReference; lastKnownFileType = "compiled.mach-o.dylib"; name = libGLEW.dylib; path = ../../../vendor/OSX/glew/libGLEW.dylib; sourceTree = "<group>"; };
		FCFAA87A285E7C39002C640C /* libGLEW.2.2.dylib */ = {isa = PBXFileReference; lastKnownFileType = "compiled.mach-o.dylib"; name = libGLEW.2.2.dylib; path = ../../../vendor/OSX/glew/libGLEW.2.2.dylib; sourceTree = "<group>"; };
		FCFAA87B285E7C39002C640C /* libGLEW.2.2.0.dylib */ = {isa = PBXFileReference; lastKnownFileType = "compiled.mach-o.dylib"; name = libGLEW.2.2.0.dylib; path = ../../../vendor/OSX/glew/libGLEW.2.2.0.dylib; sourceTree = "<group>"; };
		FCFAA880285E7C3F002C640C /* libglfw.3.dylib */ = {isa = PBXFileReference; lastKnownFileType = "compiled.mach-o.dylib"; name = libglfw.3.dylib; path = ../../../vendor/OSX/glfw/libglfw.3.dylib; sourceTree = "<group>"; };
		FCFAA881285E7C3F002C640C /* libglfw.dylib */ = {isa = PBXFileReference; lastKnownFileType = "compiled.mach-o.dylib"; name = libglfw.dylib; path = ../../../vendor/OSX/glfw/libglfw.dylib; sourceTree = "<group>"; };
		FCFAA882285E7C3F002C640C /* libglfw.3.3.dylib */ = {isa = PBXFileReference; lastKnownFileType = "compiled.mach-o.dylib"; name = libglfw.3.3.dylib; path = ../../../vendor/OSX/glfw/libglfw.3.3.dylib; sourceTree = "<group>"; };
		FCFAA886285E7C44002C640C /* OpenGL.framework */ = {isa = PBXFileReference; lastKnownFileType = wrapper.framework; name = OpenGL.framework; path = System/Library/Frameworks/OpenGL.framework; sourceTree = SDKROOT; };
		FCFAA888285E7C48002C640C /* OpenAL.framework */ = {isa = PBXFileReference; lastKnownFileType = wrapper.framework; name = OpenAL.framework; path = System/Library/Frameworks/OpenAL.framework; sourceTree = SDKROOT; };
		FCFAA88A285E7C50002C640C /* scUBlibsndfile.a */ = {isa = PBXFileReference; lastKnownFileType = archive.ar; name = scUBlibsndfile.a; path = ../../../vendor/OSX/sndfile/scUBlibsndfile.a; sourceTree = "<group>"; };
/* End PBXFileReference section */

/* Begin PBXFrameworksBuildPhase section */
		FCFAA859285E724B002C640C /* Frameworks */ = {
			isa = PBXFrameworksBuildPhase;
			buildActionMask = 2147483647;
			files = (
				FCFAA887285E7C44002C640C /* OpenGL.framework in Frameworks */,
				FCFAA889285E7C48002C640C /* OpenAL.framework in Frameworks */,
				FCFAA88D285E7CEA002C640C /* libGLEW.2.2.dylib in Frameworks */,
				FCFAA88C285E7CEA002C640C /* libGLEW.2.2.0.dylib in Frameworks */,
				FCFAA88E285E7CEA002C640C /* libGLEW.dylib in Frameworks */,
				FCFAA88F285E7CEA002C640C /* libglfw.3.3.dylib in Frameworks */,
				FCFAA890285E7CEA002C640C /* libglfw.3.dylib in Frameworks */,
				FCFAA891285E7CEA002C640C /* libglfw.dylib in Frameworks */,
			);
			runOnlyForDeploymentPostprocessing = 0;
		};
/* End PBXFrameworksBuildPhase section */

/* Begin PBXGroup section */
		FCFAA853285E724B002C640C = {
			isa = PBXGroup;
			children = (
				FCFAA866285E7285002C640C /* sources */,
				FCFAA85E285E724B002C640C /* mac-build */,
				FCFAA85D285E724B002C640C /* Products */,
				FCFAA877285E7C39002C640C /* Frameworks */,
			);
			sourceTree = "<group>";
		};
		FCFAA85D285E724B002C640C /* Products */ = {
			isa = PBXGroup;
			children = (
				FCFAA85C285E724B002C640C /* mac-build */,
			);
			name = Products;
			sourceTree = "<group>";
		};
		FCFAA85E285E724B002C640C /* mac-build */ = {
			isa = PBXGroup;
			children = (
				FCFAA875285E7456002C640C /* main.mm */,
			);
			path = "mac-build";
			sourceTree = "<group>";
		};
		FCFAA866285E7285002C640C /* sources */ = {
			isa = PBXGroup;
			children = (
				FCFAA86B285E72EC002C640C /* imgui_demo.cpp */,
				FCFAA86A285E72EC002C640C /* imgui_draw.cpp */,
				FCFAA86C285E72EC002C640C /* imgui_impl_osx.mm */,
				FCFAA867285E72EC002C640C /* imgui_tables.cpp */,
				FCFAA868285E72EC002C640C /* imgui_widgets.cpp */,
				FCFAA869285E72EC002C640C /* imgui.cpp */,
			);
			path = sources;
			sourceTree = "<group>";
		};
		FCFAA877285E7C39002C640C /* Frameworks */ = {
			isa = PBXGroup;
			children = (
				FCFAA88A285E7C50002C640C /* scUBlibsndfile.a */,
				FCFAA888285E7C48002C640C /* OpenAL.framework */,
				FCFAA886285E7C44002C640C /* OpenGL.framework */,
				FCFAA882285E7C3F002C640C /* libglfw.3.3.dylib */,
				FCFAA880285E7C3F002C640C /* libglfw.3.dylib */,
				FCFAA881285E7C3F002C640C /* libglfw.dylib */,
				FCFAA87B285E7C39002C640C /* libGLEW.2.2.0.dylib */,
				FCFAA87A285E7C39002C640C /* libGLEW.2.2.dylib */,
				FCFAA878285E7C39002C640C /* libGLEW.a */,
				FCFAA879285E7C39002C640C /* libGLEW.dylib */,
			);
			name = Frameworks;
			sourceTree = "<group>";
		};
/* End PBXGroup section */

/* Begin PBXNativeTarget section */
		FCFAA85B285E724B002C640C /* mac-build */ = {
			isa = PBXNativeTarget;
			buildConfigurationList = FCFAA863285E724B002C640C /* Build configuration list for PBXNativeTarget "mac-build" */;
			buildPhases = (
				FCFAA858285E724B002C640C /* Sources */,
				FCFAA859285E724B002C640C /* Frameworks */,
				FCFAA85A285E724B002C640C /* CopyFiles */,
			);
			buildRules = (
			);
			dependencies = (
			);
			name = "mac-build";
			productName = "mac-build";
			productReference = FCFAA85C285E724B002C640C /* mac-build */;
			productType = "com.apple.product-type.tool";
		};
/* End PBXNativeTarget section */

/* Begin PBXProject section */
		FCFAA854285E724B002C640C /* Project object */ = {
			isa = PBXProject;
			attributes = {
				BuildIndependentTargetsInParallel = 1;
				LastUpgradeCheck = 1340;
				TargetAttributes = {
					FCFAA85B285E724B002C640C = {
						CreatedOnToolsVersion = 13.4.1;
					};
				};
			};
			buildConfigurationList = FCFAA857285E724B002C640C /* Build configuration list for PBXProject "mac-build" */;
			compatibilityVersion = "Xcode 13.0";
			developmentRegion = en;
			hasScannedForEncodings = 0;
			knownRegions = (
				en,
				Base,
			);
			mainGroup = FCFAA853285E724B002C640C;
			productRefGroup = FCFAA85D285E724B002C640C /* Products */;
			projectDirPath = "";
			projectRoot = "";
			targets = (
				FCFAA85B285E724B002C640C /* mac-build */,
			);
		};
/* End PBXProject section */

/* Begin PBXSourcesBuildPhase section */
		FCFAA858285E724B002C640C /* Sources */ = {
			isa = PBXSourcesBuildPhase;
			buildActionMask = 2147483647;
			files = (
				FCFAA86D285E72EC002C640C /* imgui_tables.cpp in Sources */,
				FCFAA86E285E72EC002C640C /* imgui_widgets.cpp in Sources */,
				FCFAA86F285E72EC002C640C /* imgui.cpp in Sources */,
				FCFAA870285E72EC002C640C /* imgui_draw.cpp in Sources */,
				FCFAA876285E7456002C640C /* main.mm in Sources */,
				FCFAA871285E72EC002C640C /* imgui_demo.cpp in Sources */,
			);
			runOnlyForDeploymentPostprocessing = 0;
		};
/* End PBXSourcesBuildPhase section */

/* Begin XCBuildConfiguration section */
		FCFAA861285E724B002C640C /* Debug */ = {
			isa = XCBuildConfiguration;
			buildSettings = {
				ALWAYS_SEARCH_USER_PATHS = NO;
				CLANG_ANALYZER_NONNULL = YES;
				CLANG_ANALYZER_NUMBER_OBJECT_CONVERSION = YES_AGGRESSIVE;
				CLANG_CXX_LANGUAGE_STANDARD = "gnu++17";
				CLANG_ENABLE_MODULES = YES;
				CLANG_ENABLE_OBJC_ARC = YES;
				CLANG_ENABLE_OBJC_WEAK = YES;
				CLANG_WARN_BLOCK_CAPTURE_AUTORELEASING = YES;
				CLANG_WARN_BOOL_CONVERSION = YES;
				CLANG_WARN_COMMA = YES;
				CLANG_WARN_CONSTANT_CONVERSION = YES;
				CLANG_WARN_DEPRECATED_OBJC_IMPLEMENTATIONS = YES;
				CLANG_WARN_DIRECT_OBJC_ISA_USAGE = YES_ERROR;
				CLANG_WARN_DOCUMENTATION_COMMENTS = YES;
				CLANG_WARN_EMPTY_BODY = YES;
				CLANG_WARN_ENUM_CONVERSION = YES;
				CLANG_WARN_INFINITE_RECURSION = YES;
				CLANG_WARN_INT_CONVERSION = YES;
				CLANG_WARN_NON_LITERAL_NULL_CONVERSION = YES;
				CLANG_WARN_OBJC_IMPLICIT_RETAIN_SELF = YES;
				CLANG_WARN_OBJC_LITERAL_CONVERSION = YES;
				CLANG_WARN_OBJC_ROOT_CLASS = YES_ERROR;
				CLANG_WARN_QUOTED_INCLUDE_IN_FRAMEWORK_HEADER = YES;
				CLANG_WARN_RANGE_LOOP_ANALYSIS = YES;
				CLANG_WARN_STRICT_PROTOTYPES = YES;
				CLANG_WARN_SUSPICIOUS_MOVE = YES;
				CLANG_WARN_UNGUARDED_AVAILABILITY = YES_AGGRESSIVE;
				CLANG_WARN_UNREACHABLE_CODE = YES;
				CLANG_WARN__DUPLICATE_METHOD_MATCH = YES;
				COPY_PHASE_STRIP = NO;
				DEBUG_INFORMATION_FORMAT = dwarf;
				ENABLE_STRICT_OBJC_MSGSEND = YES;
				ENABLE_TESTABILITY = YES;
				GCC_C_LANGUAGE_STANDARD = gnu11;
				GCC_DYNAMIC_NO_PIC = NO;
				GCC_NO_COMMON_BLOCKS = YES;
				GCC_OPTIMIZATION_LEVEL = 0;
				GCC_PREPROCESSOR_DEFINITIONS = (
					"DEBUG=1",
					"$(inherited)",
				);
				GCC_WARN_64_TO_32_BIT_CONVERSION = YES;
				GCC_WARN_ABOUT_RETURN_TYPE = YES_ERROR;
				GCC_WARN_UNDECLARED_SELECTOR = YES;
				GCC_WARN_UNINITIALIZED_AUTOS = YES_AGGRESSIVE;
				GCC_WARN_UNUSED_FUNCTION = YES;
				GCC_WARN_UNUSED_VARIABLE = YES;
				MACOSX_DEPLOYMENT_TARGET = 12.3;
				MTL_ENABLE_DEBUG_INFO = INCLUDE_SOURCE;
				MTL_FAST_MATH = YES;
				ONLY_ACTIVE_ARCH = YES;
				SDKROOT = macosx;
			};
			name = Debug;
		};
		FCFAA862285E724B002C640C /* Release */ = {
			isa = XCBuildConfiguration;
			buildSettings = {
				ALWAYS_SEARCH_USER_PATHS = NO;
				CLANG_ANALYZER_NONNULL = YES;
				CLANG_ANALYZER_NUMBER_OBJECT_CONVERSION = YES_AGGRESSIVE;
				CLANG_CXX_LANGUAGE_STANDARD = "gnu++17";
				CLANG_ENABLE_MODULES = YES;
				CLANG_ENABLE_OBJC_ARC = YES;
				CLANG_ENABLE_OBJC_WEAK = YES;
				CLANG_WARN_BLOCK_CAPTURE_AUTORELEASING = YES;
				CLANG_WARN_BOOL_CONVERSION = YES;
				CLANG_WARN_COMMA = YES;
				CLANG_WARN_CONSTANT_CONVERSION = YES;
				CLANG_WARN_DEPRECATED_OBJC_IMPLEMENTATIONS = YES;
				CLANG_WARN_DIRECT_OBJC_ISA_USAGE = YES_ERROR;
				CLANG_WARN_DOCUMENTATION_COMMENTS = YES;
				CLANG_WARN_EMPTY_BODY = YES;
				CLANG_WARN_ENUM_CONVERSION = YES;
				CLANG_WARN_INFINITE_RECURSION = YES;
				CLANG_WARN_INT_CONVERSION = YES;
				CLANG_WARN_NON_LITERAL_NULL_CONVERSION = YES;
				CLANG_WARN_OBJC_IMPLICIT_RETAIN_SELF = YES;
				CLANG_WARN_OBJC_LITERAL_CONVERSION = YES;
				CLANG_WARN_OBJC_ROOT_CLASS = YES_ERROR;
				CLANG_WARN_QUOTED_INCLUDE_IN_FRAMEWORK_HEADER = YES;
				CLANG_WARN_RANGE_LOOP_ANALYSIS = YES;
				CLANG_WARN_STRICT_PROTOTYPES = YES;
				CLANG_WARN_SUSPICIOUS_MOVE = YES;
				CLANG_WARN_UNGUARDED_AVAILABILITY = YES_AGGRESSIVE;
				CLANG_WARN_UNREACHABLE_CODE = YES;
				CLANG_WARN__DUPLICATE_METHOD_MATCH = YES;
				COPY_PHASE_STRIP = NO;
				DEBUG_INFORMATION_FORMAT = "dwarf-with-dsym";
				ENABLE_NS_ASSERTIONS = NO;
				ENABLE_STRICT_OBJC_MSGSEND = YES;
				GCC_C_LANGUAGE_STANDARD = gnu11;
				GCC_NO_COMMON_BLOCKS = YES;
				GCC_WARN_64_TO_32_BIT_CONVERSION = YES;
				GCC_WARN_ABOUT_RETURN_TYPE = YES_ERROR;
				GCC_WARN_UNDECLARED_SELECTOR = YES;
				GCC_WARN_UNINITIALIZED_AUTOS = YES_AGGRESSIVE;
				GCC_WARN_UNUSED_FUNCTION = YES;
				GCC_WARN_UNUSED_VARIABLE = YES;
				MACOSX_DEPLOYMENT_TARGET = 12.3;
				MTL_ENABLE_DEBUG_INFO = NO;
				MTL_FAST_MATH = YES;
				SDKROOT = macosx;
			};
			name = Release;
		};
		FCFAA864285E724B002C640C /* Debug */ = {
			isa = XCBuildConfiguration;
			buildSettings = {
				CODE_SIGN_IDENTITY = "";
				CODE_SIGN_STYLE = Automatic;
				DEVELOPMENT_TEAM = UXS3FVMQ2K;
				ENABLE_HARDENED_RUNTIME = YES;
				GCC_VERSION = "";
				HEADER_SEARCH_PATHS = (
					sources,
					"\"$(SRCROOT)/../../../graphics-support/opengl\"",
					"\"$(SRCROOT)/../../../vendor/OSX/include\"",
				);
				LIBRARY_SEARCH_PATHS = (
					"\"$(SRCROOT)/../../../vendor/OSX/glfw\"",
					"\"$(SRCROOT)/../../../vendor/OSX/glew\"",
				);
				PRODUCT_NAME = "$(TARGET_NAME)";
				SYSTEM_HEADER_SEARCH_PATHS = "";
			};
			name = Debug;
		};
		FCFAA865285E724B002C640C /* Release */ = {
			isa = XCBuildConfiguration;
			buildSettings = {
				CODE_SIGN_IDENTITY = "";
				CODE_SIGN_STYLE = Automatic;
				DEVELOPMENT_TEAM = UXS3FVMQ2K;
				ENABLE_HARDENED_RUNTIME = YES;
				GCC_VERSION = "";
				HEADER_SEARCH_PATHS = (
					sources,
					"\"$(SRCROOT)/../../../graphics-support/opengl\"",
					"\"$(SRCROOT)/../../../vendor/OSX/include\"",
				);
				LIBRARY_SEARCH_PATHS = (
					"\"$(SRCROOT)/../../../vendor/OSX/glfw\"",
					"\"$(SRCROOT)/../../../vendor/OSX/glew\"",
				);
				PRODUCT_NAME = "$(TARGET_NAME)";
				SYSTEM_HEADER_SEARCH_PATHS = "";
			};
			name = Release;
		};
/* End XCBuildConfiguration section */

/* Begin XCConfigurationList section */
		FCFAA857285E724B002C640C /* Build configuration list for PBXProject "mac-build" */ = {
			isa = XCConfigurationList;
			buildConfigurations = (
				FCFAA861285E724B002C640C /* Debug */,
				FCFAA862285E724B002C640C /* Release */,
			);
			defaultConfigurationIsVisible = 0;
			defaultConfigurationName = Release;
		};
		FCFAA863285E724B002C640C /* Build configuration list for PBXNativeTarget "mac-build" */ = {
			isa = XCConfigurationList;
			buildConfigurations = (
				FCFAA864285E724B002C640C /* Debug */,
				FCFAA865285E724B002C640C /* Release */,
			);
			defaultConfigurationIsVisible = 0;
			defaultConfigurationName = Release;
		};
/* End XCConfigurationList section */
	};
	rootObject = FCFAA854285E724B002C640C /* Project object */;
}
